
Microsoft Visual Studio Solution File, Format Version 12.00
Project("{FAE04EC0-301F-11D3-BF4B-00C04F79EFBC}") = "StreamProcessing", "StreamProcessing\StreamProcessing.csproj", "{572AAA04-43AD-4B8C-A287-29F9956AC70F}"
EndProject
Project("{2150E333-8FDC-42A3-9474-1A3956D46DE8}") = "Kit", "Kit", "{A38FB319-D897-4E6F-BAB5-76A718AFB5BC}"
EndProject
Project("{FAE04EC0-301F-11D3-BF4B-00C04F79EFBC}") = "Odbc.Sample", "Odbc.Sample\Odbc.Sample.csproj", "{B324D090-2393-4D8F-8252-C015131FB992}"
EndProject
Project("{FAE04EC0-301F-11D3-BF4B-00C04F79EFBC}") = "StreamProcessing.Tests", "StreamProcessing.Tests\StreamProcessing.Tests.csproj", "{5FB0C07F-E11E-472E-85FC-B442D1B757D7}"
EndProject
Project("{FAE04EC0-301F-11D3-BF4B-00C04F79EFBC}") = "ApiListener.Sample", "ApiListener.Sample\ApiListener.Sample.csproj", "{2F35B286-418E-4559-AAAE-AC558908AC8F}"
EndProject
Project("{FAE04EC0-301F-11D3-BF4B-00C04F79EFBC}") = "Redis.Sample", "Redis.Sample\Redis.Sample.csproj", "{96E5A83A-8B48-4D47-A8AC-6998E6F62B62}"
EndProject
Project("{FAE04EC0-301F-11D3-BF4B-00C04F79EFBC}") = "Rest.Sample", "Rest.Sample\Rest.Sample.csproj", "{E7E20623-CC8F-4F0D-9330-AE8EB02250E8}"
EndProject
Global
	GlobalSection(SolutionConfigurationPlatforms) = preSolution
		Debug|Any CPU = Debug|Any CPU
		Release|Any CPU = Release|Any CPU
	EndGlobalSection
	GlobalSection(ProjectConfigurationPlatforms) = postSolution
		{572AAA04-43AD-4B8C-A287-29F9956AC70F}.Debug|Any CPU.ActiveCfg = Debug|Any CPU
		{572AAA04-43AD-4B8C-A287-29F9956AC70F}.Debug|Any CPU.Build.0 = Debug|Any CPU
		{572AAA04-43AD-4B8C-A287-29F9956AC70F}.Release|Any CPU.ActiveCfg = Release|Any CPU
		{572AAA04-43AD-4B8C-A287-29F9956AC70F}.Release|Any CPU.Build.0 = Release|Any CPU
		{B324D090-2393-4D8F-8252-C015131FB992}.Debug|Any CPU.ActiveCfg = Debug|Any CPU
		{B324D090-2393-4D8F-8252-C015131FB992}.Debug|Any CPU.Build.0 = Debug|Any CPU
		{B324D090-2393-4D8F-8252-C015131FB992}.Release|Any CPU.ActiveCfg = Release|Any CPU
		{B324D090-2393-4D8F-8252-C015131FB992}.Release|Any CPU.Build.0 = Release|Any CPU
		{5FB0C07F-E11E-472E-85FC-B442D1B757D7}.Debug|Any CPU.ActiveCfg = Debug|Any CPU
		{5FB0C07F-E11E-472E-85FC-B442D1B757D7}.Debug|Any CPU.Build.0 = Debug|Any CPU
		{5FB0C07F-E11E-472E-85FC-B442D1B757D7}.Release|Any CPU.ActiveCfg = Release|Any CPU
		{5FB0C07F-E11E-472E-85FC-B442D1B757D7}.Release|Any CPU.Build.0 = Release|Any CPU
		{2F35B286-418E-4559-AAAE-AC558908AC8F}.Debug|Any CPU.ActiveCfg = Debug|Any CPU
		{2F35B286-418E-4559-AAAE-AC558908AC8F}.Debug|Any CPU.Build.0 = Debug|Any CPU
		{2F35B286-418E-4559-AAAE-AC558908AC8F}.Release|Any CPU.ActiveCfg = Release|Any CPU
		{2F35B286-418E-4559-AAAE-AC558908AC8F}.Release|Any CPU.Build.0 = Release|Any CPU
		{96E5A83A-8B48-4D47-A8AC-6998E6F62B62}.Debug|Any CPU.ActiveCfg = Debug|Any CPU
		{96E5A83A-8B48-4D47-A8AC-6998E6F62B62}.Debug|Any CPU.Build.0 = Debug|Any CPU
		{96E5A83A-8B48-4D47-A8AC-6998E6F62B62}.Release|Any CPU.ActiveCfg = Release|Any CPU
		{96E5A83A-8B48-4D47-A8AC-6998E6F62B62}.Release|Any CPU.Build.0 = Release|Any CPU
		{E7E20623-CC8F-4F0D-9330-AE8EB02250E8}.Debug|Any CPU.ActiveCfg = Debug|Any CPU
		{E7E20623-CC8F-4F0D-9330-AE8EB02250E8}.Debug|Any CPU.Build.0 = Debug|Any CPU
		{E7E20623-CC8F-4F0D-9330-AE8EB02250E8}.Release|Any CPU.ActiveCfg = Release|Any CPU
		{E7E20623-CC8F-4F0D-9330-AE8EB02250E8}.Release|Any CPU.Build.0 = Release|Any CPU
	EndGlobalSection
	GlobalSection(NestedProjects) = preSolution
		{B324D090-2393-4D8F-8252-C015131FB992} = {A38FB319-D897-4E6F-BAB5-76A718AFB5BC}
		{2F35B286-418E-4559-AAAE-AC558908AC8F} = {A38FB319-D897-4E6F-BAB5-76A718AFB5BC}
		{96E5A83A-8B48-4D47-A8AC-6998E6F62B62} = {A38FB319-D897-4E6F-BAB5-76A718AFB5BC}
		{E7E20623-CC8F-4F0D-9330-AE8EB02250E8} = {A38FB319-D897-4E6F-BAB5-76A718AFB5BC}
	EndGlobalSection
EndGlobal
